{
  "name": "income_statement_receipt",
  "lockfileVersion": 2,
  "requires": true,
  "packages": {
    "": {
      "dependencies": {
        "csvtojson": "^2.0.10",
        "receipt": "^1.4.0",
        "sun-country": "^1.0.5"
      }
    },
    "node_modules/bluebird": {
      "version": "3.7.2",
      "resolved": "https://registry.npmjs.org/bluebird/-/bluebird-3.7.2.tgz",
      "integrity": "sha512-XpNj6GDQzdfW+r2Wnn7xiSAd7TM3jzkxGXBGTtWKuSXv1xUV+azxAm8jdWZN06QTQk+2N2XB9jRDkvbmQmcRtg=="
    },
    "node_modules/csvtojson": {
      "version": "2.0.10",
      "resolved": "https://registry.npmjs.org/csvtojson/-/csvtojson-2.0.10.tgz",
      "integrity": "sha512-lUWFxGKyhraKCW8Qghz6Z0f2l/PqB1W3AO0HKJzGIQ5JRSlR651ekJDiGJbBT4sRNNv5ddnSGVEnsxP9XRCVpQ==",
      "dependencies": {
        "bluebird": "^3.5.1",
        "lodash": "^4.17.3",
        "strip-bom": "^2.0.0"
      },
      "bin": {
        "csvtojson": "bin/csvtojson"
      },
      "engines": {
        "node": ">=4.0.0"
      }
    },
    "node_modules/is-finite": {
      "version": "1.1.0",
      "resolved": "https://registry.npmjs.org/is-finite/-/is-finite-1.1.0.tgz",
      "integrity": "sha512-cdyMtqX/BOqqNBBiKlIVkytNHm49MtMlYyn1zxzvJKWmFMlGzm+ry5BBfYyeY9YmNKbRSo/o7OX9w9ale0wg3w==",
      "engines": {
        "node": ">=0.10.0"
      },
      "funding": {
        "url": "https://github.com/sponsors/sindresorhus"
      }
    },
    "node_modules/is-utf8": {
      "version": "0.2.1",
      "resolved": "https://registry.npmjs.org/is-utf8/-/is-utf8-0.2.1.tgz",
      "integrity": "sha512-rMYPYvCzsXywIsldgLaSoPlw5PfoB/ssr7hY4pLfcodrA5M/eArza1a9VmTiNIBNMjOGr1Ow9mTyU2o69U6U9Q=="
    },
    "node_modules/lodash": {
      "version": "4.17.21",
      "resolved": "https://registry.npmjs.org/lodash/-/lodash-4.17.21.tgz",
      "integrity": "sha512-v2kDEe57lecTulaDIuNTPy3Ry4gLGJ6Z1O3vE1krgXZNrsQ+LFTGHVxVjcXPs17LhbZVGedAJv8XZ1tvj5FvSg=="
    },
    "node_modules/number-is-integer": {
      "version": "1.0.1",
      "resolved": "https://registry.npmjs.org/number-is-integer/-/number-is-integer-1.0.1.tgz",
      "integrity": "sha512-Dq3iuiFBkrbmuQjGFFF3zckXNCQoSD37/SdSbgcBailUx6knDvDwb5CympBgcoWHy36sfS12u74MHYkXyHq6bg==",
      "dependencies": {
        "is-finite": "^1.0.1"
      },
      "engines": {
        "node": ">=0.10.0"
      }
    },
    "node_modules/receipt": {
      "version": "1.4.0",
      "resolved": "https://registry.npmjs.org/receipt/-/receipt-1.4.0.tgz",
      "integrity": "sha512-LiUqNTRBUici8nzNfgo+jHrmbV7nYRH48ry+uSd5WFA0dYkkvgJoUgmDu5G6rp/4vylOMOLiXCchG4DxIuLFOQ==",
      "dependencies": {
        "round-to": "^1.1.0"
      }
    },
    "node_modules/round-to": {
      "version": "1.1.0",
      "resolved": "https://registry.npmjs.org/round-to/-/round-to-1.1.0.tgz",
      "integrity": "sha512-xSTDhkjQfVudmd1E6CWTTJzQuQMCYmehJpMRMmAcZPos4zOICuswJ0KXetaCZKCrMi+FZlFTktd1+25xnvAmDA==",
      "dependencies": {
        "number-is-integer": "^1.0.0"
      },
      "engines": {
        "node": ">=0.10.0"
      }
    },
    "node_modules/strip-bom": {
      "version": "2.0.0",
      "resolved": "https://registry.npmjs.org/strip-bom/-/strip-bom-2.0.0.tgz",
      "integrity": "sha512-kwrX1y7czp1E69n2ajbG65mIo9dqvJ+8aBQXOGVxqwvNbsXdFM6Lq37dLAY3mknUwru8CfcCbfOLL/gMo+fi3g==",
      "dependencies": {
        "is-utf8": "^0.2.0"
      },
      "engines": {
        "node": ">=0.10.0"
      }
    },
    "node_modules/sun-country": {
      "version": "1.0.5",
      "resolved": "https://registry.npmjs.org/sun-country/-/sun-country-1.0.5.tgz",
      "integrity": "sha512-PYgNWqMsb4rlERPaRsmsSlS70FNO4ZbC7qmOmbwqCcjChD7YiJdseZP58646J63nDfZ/WZcJUy2cJfM8A5w3/g==",
      "dependencies": {
        "lodash": "^4.13.1"
      },
      "engines": {
        "node": ">= 0.6.0"
      }
    }
  },
  "dependencies": {
    "bluebird": {
      "version": "3.7.2",
      "resolved": "https://registry.npmjs.org/bluebird/-/bluebird-3.7.2.tgz",
      "integrity": "sha512-XpNj6GDQzdfW+r2Wnn7xiSAd7TM3jzkxGXBGTtWKuSXv1xUV+azxAm8jdWZN06QTQk+2N2XB9jRDkvbmQmcRtg=="
    },
    "csvtojson": {
      "version": "2.0.10",
      "resolved": "https://registry.npmjs.org/csvtojson/-/csvtojson-2.0.10.tgz",
      "integrity": "sha512-lUWFxGKyhraKCW8Qghz6Z0f2l/PqB1W3AO0HKJzGIQ5JRSlR651ekJDiGJbBT4sRNNv5ddnSGVEnsxP9XRCVpQ==",
      "requires": {
        "bluebird": "^3.5.1",
        "lodash": "^4.17.3",
        "strip-bom": "^2.0.0"
      }
    },
    "is-finite": {
      "version": "1.1.0",
      "resolved": "https://registry.npmjs.org/is-finite/-/is-finite-1.1.0.tgz",
      "integrity": "sha512-cdyMtqX/BOqqNBBiKlIVkytNHm49MtMlYyn1zxzvJKWmFMlGzm+ry5BBfYyeY9YmNKbRSo/o7OX9w9ale0wg3w=="
    },
    "is-utf8": {
      "version": "0.2.1",
      "resolved": "https://registry.npmjs.org/is-utf8/-/is-utf8-0.2.1.tgz",
      "integrity": "sha512-rMYPYvCzsXywIsldgLaSoPlw5PfoB/ssr7hY4pLfcodrA5M/eArza1a9VmTiNIBNMjOGr1Ow9mTyU2o69U6U9Q=="
    },
    "lodash": {
      "version": "4.17.21",
      "resolved": "https://registry.npmjs.org/lodash/-/lodash-4.17.21.tgz",
      "integrity": "sha512-v2kDEe57lecTulaDIuNTPy3Ry4gLGJ6Z1O3vE1krgXZNrsQ+LFTGHVxVjcXPs17LhbZVGedAJv8XZ1tvj5FvSg=="
    },
    "number-is-integer": {
      "version": "1.0.1",
      "resolved": "https://registry.npmjs.org/number-is-integer/-/number-is-integer-1.0.1.tgz",
      "integrity": "sha512-Dq3iuiFBkrbmuQjGFFF3zckXNCQoSD37/SdSbgcBailUx6knDvDwb5CympBgcoWHy36sfS12u74MHYkXyHq6bg==",
      "requires": {
        "is-finite": "^1.0.1"
      }
    },
    "receipt": {
      "version": "1.4.0",
      "resolved": "https://registry.npmjs.org/receipt/-/receipt-1.4.0.tgz",
      "integrity": "sha512-LiUqNTRBUici8nzNfgo+jHrmbV7nYRH48ry+uSd5WFA0dYkkvgJoUgmDu5G6rp/4vylOMOLiXCchG4DxIuLFOQ==",
      "requires": {
        "round-to": "^1.1.0"
      }
    },
    "round-to": {
      "version": "1.1.0",
      "resolved": "https://registry.npmjs.org/round-to/-/round-to-1.1.0.tgz",
      "integrity": "sha512-xSTDhkjQfVudmd1E6CWTTJzQuQMCYmehJpMRMmAcZPos4zOICuswJ0KXetaCZKCrMi+FZlFTktd1+25xnvAmDA==",
      "requires": {
        "number-is-integer": "^1.0.0"
      }
    },
    "strip-bom": {
      "version": "2.0.0",
      "resolved": "https://registry.npmjs.org/strip-bom/-/strip-bom-2.0.0.tgz",
      "integrity": "sha512-kwrX1y7czp1E69n2ajbG65mIo9dqvJ+8aBQXOGVxqwvNbsXdFM6Lq37dLAY3mknUwru8CfcCbfOLL/gMo+fi3g==",
      "requires": {
        "is-utf8": "^0.2.0"
      }
    },
    "sun-country": {
      "version": "1.0.5",
      "resolved": "https://registry.npmjs.org/sun-country/-/sun-country-1.0.5.tgz",
      "integrity": "sha512-PYgNWqMsb4rlERPaRsmsSlS70FNO4ZbC7qmOmbwqCcjChD7YiJdseZP58646J63nDfZ/WZcJUy2cJfM8A5w3/g==",
      "requires": {
        "lodash": "^4.13.1"
      }
    }
  }
}
