
Microsoft Visual Studio Solution File, Format Version 12.00
# Visual Studio Version 17
VisualStudioVersion = 17.6.33829.357
MinimumVisualStudioVersion = 10.0.40219.1
Project("{FAE04EC0-301F-11D3-BF4B-00C04F79EFBC}") = "RijiNFeatureListGenerator", "RijiNFeatureListGenerator\RijiNFeatureListGenerator.csproj", "{7B6A0276-B4DD-4A85-B46A-5EFD7322F98A}"
EndProject
Global
	GlobalSection(SolutionConfigurationPlatforms) = preSolution
		Debug|Any CPU = Debug|Any CPU
		Release|Any CPU = Release|Any CPU
	EndGlobalSection
	GlobalSection(ProjectConfigurationPlatforms) = postSolution
		{7B6A0276-B4DD-4A85-B46A-5EFD7322F98A}.Debug|Any CPU.ActiveCfg = Debug|Any CPU
		{7B6A0276-B4DD-4A85-B46A-5EFD7322F98A}.Debug|Any CPU.Build.0 = Debug|Any CPU
		{7B6A0276-B4DD-4A85-B46A-5EFD7322F98A}.Release|Any CPU.ActiveCfg = Release|Any CPU
		{7B6A0276-B4DD-4A85-B46A-5EFD7322F98A}.Release|Any CPU.Build.0 = Release|Any CPU
	EndGlobalSection
	GlobalSection(SolutionProperties) = preSolution
		HideSolutionNode = FALSE
	EndGlobalSection
	GlobalSection(ExtensibilityGlobals) = postSolution
		SolutionGuid = {8BFD9F2A-5267-47B6-A198-95EC52A3D234}
	EndGlobalSection
EndGlobal
